
Microsoft Visual Studio Solution File, Format Version 12.00
# Visual Studio Version 16
VisualStudioVersion = 16.0.31424.327
MinimumVisualStudioVersion = 10.0.40219.1
Project("{FAE04EC0-301F-11D3-BF4B-00C04F79EFBC}") = "ConsolaLunes19Jul", "ConsolaLunes19Jul\ConsolaLunes19Jul.csproj", "{6C67DB97-78A4-4910-8F69-1BC0BAAE4FDE}"
EndProject
Global
	GlobalSection(SolutionConfigurationPlatforms) = preSolution
		Debug|Any CPU = Debug|Any CPU
		Release|Any CPU = Release|Any CPU
	EndGlobalSection
	GlobalSection(ProjectConfigurationPlatforms) = postSolution
		{6C67DB97-78A4-4910-8F69-1BC0BAAE4FDE}.Debug|Any CPU.ActiveCfg = Debug|Any CPU
		{6C67DB97-78A4-4910-8F69-1BC0BAAE4FDE}.Debug|Any CPU.Build.0 = Debug|Any CPU
		{6C67DB97-78A4-4910-8F69-1BC0BAAE4FDE}.Release|Any CPU.ActiveCfg = Release|Any CPU
		{6C67DB97-78A4-4910-8F69-1BC0BAAE4FDE}.Release|Any CPU.Build.0 = Release|Any CPU
	EndGlobalSection
	GlobalSection(SolutionProperties) = preSolution
		HideSolutionNode = FALSE
	EndGlobalSection
	GlobalSection(ExtensibilityGlobals) = postSolution
		SolutionGuid = {8C46321B-D786-4194-BD87-82CB6E10B5FF}
	EndGlobalSection
EndGlobal
