
Microsoft Visual Studio Solution File, Format Version 12.00
# Visual Studio Version 16
VisualStudioVersion = 16.0.31613.86
MinimumVisualStudioVersion = 10.0.40219.1
Project("{FAE04EC0-301F-11D3-BF4B-00C04F79EFBC}") = "WindowsFormREGISTROCLIENTES", "WindowsFormREGISTROCLIENTES\WindowsFormREGISTROCLIENTES.csproj", "{4B23F5B1-F50C-4E6C-BD60-E75476140CF0}"
EndProject
Global
	GlobalSection(SolutionConfigurationPlatforms) = preSolution
		Debug|Any CPU = Debug|Any CPU
		Release|Any CPU = Release|Any CPU
	EndGlobalSection
	GlobalSection(ProjectConfigurationPlatforms) = postSolution
		{4B23F5B1-F50C-4E6C-BD60-E75476140CF0}.Debug|Any CPU.ActiveCfg = Debug|Any CPU
		{4B23F5B1-F50C-4E6C-BD60-E75476140CF0}.Debug|Any CPU.Build.0 = Debug|Any CPU
		{4B23F5B1-F50C-4E6C-BD60-E75476140CF0}.Release|Any CPU.ActiveCfg = Release|Any CPU
		{4B23F5B1-F50C-4E6C-BD60-E75476140CF0}.Release|Any CPU.Build.0 = Release|Any CPU
	EndGlobalSection
	GlobalSection(SolutionProperties) = preSolution
		HideSolutionNode = FALSE
	EndGlobalSection
	GlobalSection(ExtensibilityGlobals) = postSolution
		SolutionGuid = {A95A4D03-3FB3-415E-9E08-9DA20E007C75}
	EndGlobalSection
EndGlobal
