
Microsoft Visual Studio Solution File, Format Version 12.00
# Visual Studio Version 16
VisualStudioVersion = 16.0.31515.178
MinimumVisualStudioVersion = 10.0.40219.1
Project("{FAE04EC0-301F-11D3-BF4B-00C04F79EFBC}") = "FORMULARIOLINQHOSPITALSQL", "FORMULARIOLINQHOSPITALSQL\FORMULARIOLINQHOSPITALSQL.csproj", "{82EDA43F-5D7B-4E15-B441-A3E4F16312F8}"
EndProject
Global
	GlobalSection(SolutionConfigurationPlatforms) = preSolution
		Debug|Any CPU = Debug|Any CPU
		Release|Any CPU = Release|Any CPU
	EndGlobalSection
	GlobalSection(ProjectConfigurationPlatforms) = postSolution
		{82EDA43F-5D7B-4E15-B441-A3E4F16312F8}.Debug|Any CPU.ActiveCfg = Debug|Any CPU
		{82EDA43F-5D7B-4E15-B441-A3E4F16312F8}.Debug|Any CPU.Build.0 = Debug|Any CPU
		{82EDA43F-5D7B-4E15-B441-A3E4F16312F8}.Release|Any CPU.ActiveCfg = Release|Any CPU
		{82EDA43F-5D7B-4E15-B441-A3E4F16312F8}.Release|Any CPU.Build.0 = Release|Any CPU
	EndGlobalSection
	GlobalSection(SolutionProperties) = preSolution
		HideSolutionNode = FALSE
	EndGlobalSection
	GlobalSection(ExtensibilityGlobals) = postSolution
		SolutionGuid = {47CE1582-232C-42AC-9E31-620E7F2B5009}
	EndGlobalSection
EndGlobal
