
Microsoft Visual Studio Solution File, Format Version 12.00
# Visual Studio Version 16
VisualStudioVersion = 16.0.31613.86
MinimumVisualStudioVersion = 10.0.40219.1
Project("{FAE04EC0-301F-11D3-BF4B-00C04F79EFBC}") = "ASPValidacion", "ASPValidacion\ASPValidacion.csproj", "{76E504E5-3EA8-4AE1-92B7-8B97EA7197AF}"
EndProject
Global
	GlobalSection(SolutionConfigurationPlatforms) = preSolution
		Debug|Any CPU = Debug|Any CPU
		Release|Any CPU = Release|Any CPU
	EndGlobalSection
	GlobalSection(ProjectConfigurationPlatforms) = postSolution
		{76E504E5-3EA8-4AE1-92B7-8B97EA7197AF}.Debug|Any CPU.ActiveCfg = Debug|Any CPU
		{76E504E5-3EA8-4AE1-92B7-8B97EA7197AF}.Debug|Any CPU.Build.0 = Debug|Any CPU
		{76E504E5-3EA8-4AE1-92B7-8B97EA7197AF}.Release|Any CPU.ActiveCfg = Release|Any CPU
		{76E504E5-3EA8-4AE1-92B7-8B97EA7197AF}.Release|Any CPU.Build.0 = Release|Any CPU
	EndGlobalSection
	GlobalSection(SolutionProperties) = preSolution
		HideSolutionNode = FALSE
	EndGlobalSection
	GlobalSection(ExtensibilityGlobals) = postSolution
		SolutionGuid = {8480AC73-0A35-4955-AEC7-4F3D927CB38E}
	EndGlobalSection
EndGlobal
