
Microsoft Visual Studio Solution File, Format Version 12.00
# Visual Studio Version 16
VisualStudioVersion = 16.0.31613.86
MinimumVisualStudioVersion = 10.0.40219.1
Project("{FAE04EC0-301F-11D3-BF4B-00C04F79EFBC}") = "MODELOVISTACONTROLADORAZOR", "MODELOVISTACONTROLADORAZOR\MODELOVISTACONTROLADORAZOR.csproj", "{60819C05-B4DE-4BE1-B69F-20079D775F1F}"
EndProject
Global
	GlobalSection(SolutionConfigurationPlatforms) = preSolution
		Debug|Any CPU = Debug|Any CPU
		Release|Any CPU = Release|Any CPU
	EndGlobalSection
	GlobalSection(ProjectConfigurationPlatforms) = postSolution
		{60819C05-B4DE-4BE1-B69F-20079D775F1F}.Debug|Any CPU.ActiveCfg = Debug|Any CPU
		{60819C05-B4DE-4BE1-B69F-20079D775F1F}.Debug|Any CPU.Build.0 = Debug|Any CPU
		{60819C05-B4DE-4BE1-B69F-20079D775F1F}.Release|Any CPU.ActiveCfg = Release|Any CPU
		{60819C05-B4DE-4BE1-B69F-20079D775F1F}.Release|Any CPU.Build.0 = Release|Any CPU
	EndGlobalSection
	GlobalSection(SolutionProperties) = preSolution
		HideSolutionNode = FALSE
	EndGlobalSection
	GlobalSection(ExtensibilityGlobals) = postSolution
		SolutionGuid = {0C3E7928-0B3C-4FC8-93D1-B354E5E647F1}
	EndGlobalSection
EndGlobal
