
Microsoft Visual Studio Solution File, Format Version 12.00
# Visual Studio Version 16
VisualStudioVersion = 16.0.31613.86
MinimumVisualStudioVersion = 10.0.40219.1
Project("{FAE04EC0-301F-11D3-BF4B-00C04F79EFBC}") = "CUESTIONARIOASP_NET", "CUESTIONARIOASP_NET\CUESTIONARIOASP_NET.csproj", "{580490EF-0573-4C3D-9104-4370DC1DBE44}"
EndProject
Global
	GlobalSection(SolutionConfigurationPlatforms) = preSolution
		Debug|Any CPU = Debug|Any CPU
		Release|Any CPU = Release|Any CPU
	EndGlobalSection
	GlobalSection(ProjectConfigurationPlatforms) = postSolution
		{580490EF-0573-4C3D-9104-4370DC1DBE44}.Debug|Any CPU.ActiveCfg = Debug|Any CPU
		{580490EF-0573-4C3D-9104-4370DC1DBE44}.Debug|Any CPU.Build.0 = Debug|Any CPU
		{580490EF-0573-4C3D-9104-4370DC1DBE44}.Release|Any CPU.ActiveCfg = Release|Any CPU
		{580490EF-0573-4C3D-9104-4370DC1DBE44}.Release|Any CPU.Build.0 = Release|Any CPU
	EndGlobalSection
	GlobalSection(SolutionProperties) = preSolution
		HideSolutionNode = FALSE
	EndGlobalSection
	GlobalSection(ExtensibilityGlobals) = postSolution
		SolutionGuid = {04230F59-5848-4957-AB44-6B6BD96BFD4D}
	EndGlobalSection
EndGlobal
